
Microsoft Visual Studio Solution File, Format Version 12.00
# Visual Studio Version 17
VisualStudioVersion = 17.5.33414.496
MinimumVisualStudioVersion = 10.0.40219.1
Project("{FAE04EC0-301F-11D3-BF4B-00C04F79EFBC}") = "WindowsFormsApp1", "WindowsFormsApp1\WindowsFormsApp1.csproj", "{65A70A3D-3A4F-4338-9E88-E9548387EC79}"
EndProject
Global
	GlobalSection(SolutionConfigurationPlatforms) = preSolution
		Debug|Any CPU = Debug|Any CPU
		Release|Any CPU = Release|Any CPU
	EndGlobalSection
	GlobalSection(ProjectConfigurationPlatforms) = postSolution
		{65A70A3D-3A4F-4338-9E88-E9548387EC79}.Debug|Any CPU.ActiveCfg = Debug|Any CPU
		{65A70A3D-3A4F-4338-9E88-E9548387EC79}.Debug|Any CPU.Build.0 = Debug|Any CPU
		{65A70A3D-3A4F-4338-9E88-E9548387EC79}.Release|Any CPU.ActiveCfg = Release|Any CPU
		{65A70A3D-3A4F-4338-9E88-E9548387EC79}.Release|Any CPU.Build.0 = Release|Any CPU
	EndGlobalSection
	GlobalSection(SolutionProperties) = preSolution
		HideSolutionNode = FALSE
	EndGlobalSection
	GlobalSection(ExtensibilityGlobals) = postSolution
		SolutionGuid = {C0AF3E27-8D30-4A42-82DF-BA34D7E2C3E9}
	EndGlobalSection
EndGlobal
