
Microsoft Visual Studio Solution File, Format Version 12.00
# Visual Studio Version 17
VisualStudioVersion = 17.5.33414.496
MinimumVisualStudioVersion = 10.0.40219.1
Project("{FAE04EC0-301F-11D3-BF4B-00C04F79EFBC}") = "WpfApp1", "WpfApp1\WpfApp1.csproj", "{5F9F55ED-BE88-46AE-AF91-285ABBFDDE0B}"
EndProject
Global
	GlobalSection(SolutionConfigurationPlatforms) = preSolution
		Debug|Any CPU = Debug|Any CPU
		Release|Any CPU = Release|Any CPU
	EndGlobalSection
	GlobalSection(ProjectConfigurationPlatforms) = postSolution
		{5F9F55ED-BE88-46AE-AF91-285ABBFDDE0B}.Debug|Any CPU.ActiveCfg = Debug|Any CPU
		{5F9F55ED-BE88-46AE-AF91-285ABBFDDE0B}.Debug|Any CPU.Build.0 = Debug|Any CPU
		{5F9F55ED-BE88-46AE-AF91-285ABBFDDE0B}.Release|Any CPU.ActiveCfg = Release|Any CPU
		{5F9F55ED-BE88-46AE-AF91-285ABBFDDE0B}.Release|Any CPU.Build.0 = Release|Any CPU
	EndGlobalSection
	GlobalSection(SolutionProperties) = preSolution
		HideSolutionNode = FALSE
	EndGlobalSection
	GlobalSection(ExtensibilityGlobals) = postSolution
		SolutionGuid = {BCFF300C-CEA9-4893-A295-CC9E326FA448}
	EndGlobalSection
EndGlobal
